# THIS IS AN AUTOGENERATED FILE. DO NOT EDIT THIS FILE DIRECTLY.
# yarn lockfile v1


"@types/node@13.9.1":
  version "13.9.1"
  resolved "https://registry.yarnpkg.com/@types/node/-/node-13.9.1.tgz#96f606f8cd67fb018847d9b61e93997dabdefc72"
  integrity sha512-E6M6N0blf/jiZx8Q3nb0vNaswQeEyn0XlupO+xN6DtJ6r6IT4nXrTry7zhIfYvFCl3/8Cu6WIysmUBKiqV0bqQ==

prettier@2.0.1:
  version "2.0.1"
  resolved "https://registry.yarnpkg.com/prettier/-/prettier-2.0.1.tgz#3f00ac71263be34684b2b2c8d7e7f63737592dac"
  integrity sha512-piXGBcY1zoFOG0MvHpNE5reAGseLmaCRifQ/fmfF49BcYkInEs/naD/unxGNAeOKFA5+JxVrPyMvMlpzcd20UA==

typescript@3.8.3:
  version "3.8.3"
  resolved "https://registry.yarnpkg.com/typescript/-/typescript-3.8.3.tgz#409eb8544ea0335711205869ec458ab109ee1061"
  integrity sha512-MYlEfn5VrLNsgudQTVJeNaQFUAI7DkhnOjdpAp4T+ku1TfQClewlbSuTVHiA+8skNBgaf02TL/kLOvig4y3G8w==
